
Microsoft Visual Studio Solution File, Format Version 12.00
# Visual Studio 15
VisualStudioVersion = 15.0.27428.2015
MinimumVisualStudioVersion = 10.0.40219.1
Project("{FAE04EC0-301F-11D3-BF4B-00C04F79EFBC}") = "Killswitch", "Killswitch\Killswitch.csproj", "{964EBFBE-A600-49B2-BDD8-422B46F1D544}"
EndProject
Project("{54435603-DBB4-11D2-8724-00A0C9A8B90C}") = "Installer", "Installer\Installer.vdproj", "{B76E180F-6983-409D-8F74-7609DCBDB653}"
EndProject
Project("{FAE04EC0-301F-11D3-BF4B-00C04F79EFBC}") = "NotifyIconWpf", "NotifyIconWpf\NotifyIconWpf.csproj", "{7AC63864-7638-41C4-969C-D3197EF2BED9}"
EndProject
Project("{C7167F0D-BC9F-4E6E-AFE1-012C56B48DB5}") = "WinStore", "WinStore\WinStore.wapproj", "{4E4AA796-A4D3-42C0-AFFB-BE0E0E201517}"
EndProject
Global
	GlobalSection(SolutionConfigurationPlatforms) = preSolution
		Debug|Any CPU = Debug|Any CPU
		Debug|x64 = Debug|x64
		Debug|x86 = Debug|x86
		Release|Any CPU = Release|Any CPU
		Release|x64 = Release|x64
		Release|x86 = Release|x86
	EndGlobalSection
	GlobalSection(ProjectConfigurationPlatforms) = postSolution
		{964EBFBE-A600-49B2-BDD8-422B46F1D544}.Debug|Any CPU.ActiveCfg = Debug|Any CPU
		{964EBFBE-A600-49B2-BDD8-422B46F1D544}.Debug|Any CPU.Build.0 = Debug|Any CPU
		{964EBFBE-A600-49B2-BDD8-422B46F1D544}.Debug|x64.ActiveCfg = Debug|x64
		{964EBFBE-A600-49B2-BDD8-422B46F1D544}.Debug|x64.Build.0 = Debug|x64
		{964EBFBE-A600-49B2-BDD8-422B46F1D544}.Debug|x86.ActiveCfg = Debug|Any CPU
		{964EBFBE-A600-49B2-BDD8-422B46F1D544}.Debug|x86.Build.0 = Debug|Any CPU
		{964EBFBE-A600-49B2-BDD8-422B46F1D544}.Release|Any CPU.ActiveCfg = Release|Any CPU
		{964EBFBE-A600-49B2-BDD8-422B46F1D544}.Release|Any CPU.Build.0 = Release|Any CPU
		{964EBFBE-A600-49B2-BDD8-422B46F1D544}.Release|x64.ActiveCfg = Release|x64
		{964EBFBE-A600-49B2-BDD8-422B46F1D544}.Release|x64.Build.0 = Release|x64
		{964EBFBE-A600-49B2-BDD8-422B46F1D544}.Release|x86.ActiveCfg = Release|Any CPU
		{964EBFBE-A600-49B2-BDD8-422B46F1D544}.Release|x86.Build.0 = Release|Any CPU
		{B76E180F-6983-409D-8F74-7609DCBDB653}.Debug|Any CPU.ActiveCfg = Debug
		{B76E180F-6983-409D-8F74-7609DCBDB653}.Debug|Any CPU.Build.0 = Debug
		{B76E180F-6983-409D-8F74-7609DCBDB653}.Debug|x64.ActiveCfg = Debug
		{B76E180F-6983-409D-8F74-7609DCBDB653}.Debug|x86.ActiveCfg = Debug
		{B76E180F-6983-409D-8F74-7609DCBDB653}.Debug|x86.Build.0 = Debug
		{B76E180F-6983-409D-8F74-7609DCBDB653}.Release|Any CPU.ActiveCfg = Release
		{B76E180F-6983-409D-8F74-7609DCBDB653}.Release|Any CPU.Build.0 = Release
		{B76E180F-6983-409D-8F74-7609DCBDB653}.Release|x64.ActiveCfg = Release
		{B76E180F-6983-409D-8F74-7609DCBDB653}.Release|x64.Build.0 = Release
		{B76E180F-6983-409D-8F74-7609DCBDB653}.Release|x86.ActiveCfg = Release
		{B76E180F-6983-409D-8F74-7609DCBDB653}.Release|x86.Build.0 = Release
		{7AC63864-7638-41C4-969C-D3197EF2BED9}.Debug|Any CPU.ActiveCfg = Debug|Any CPU
		{7AC63864-7638-41C4-969C-D3197EF2BED9}.Debug|Any CPU.Build.0 = Debug|Any CPU
		{7AC63864-7638-41C4-969C-D3197EF2BED9}.Debug|x64.ActiveCfg = Debug|Any CPU
		{7AC63864-7638-41C4-969C-D3197EF2BED9}.Debug|x64.Build.0 = Debug|Any CPU
		{7AC63864-7638-41C4-969C-D3197EF2BED9}.Debug|x86.ActiveCfg = Debug|Any CPU
		{7AC63864-7638-41C4-969C-D3197EF2BED9}.Debug|x86.Build.0 = Debug|Any CPU
		{7AC63864-7638-41C4-969C-D3197EF2BED9}.Release|Any CPU.ActiveCfg = Release|Any CPU
		{7AC63864-7638-41C4-969C-D3197EF2BED9}.Release|Any CPU.Build.0 = Release|Any CPU
		{7AC63864-7638-41C4-969C-D3197EF2BED9}.Release|x64.ActiveCfg = Release|Any CPU
		{7AC63864-7638-41C4-969C-D3197EF2BED9}.Release|x64.Build.0 = Release|Any CPU
		{7AC63864-7638-41C4-969C-D3197EF2BED9}.Release|x86.ActiveCfg = Release|Any CPU
		{7AC63864-7638-41C4-969C-D3197EF2BED9}.Release|x86.Build.0 = Release|Any CPU
		{4E4AA796-A4D3-42C0-AFFB-BE0E0E201517}.Debug|Any CPU.ActiveCfg = Debug|Any CPU
		{4E4AA796-A4D3-42C0-AFFB-BE0E0E201517}.Debug|Any CPU.Build.0 = Debug|Any CPU
		{4E4AA796-A4D3-42C0-AFFB-BE0E0E201517}.Debug|Any CPU.Deploy.0 = Debug|Any CPU
		{4E4AA796-A4D3-42C0-AFFB-BE0E0E201517}.Debug|x64.ActiveCfg = Debug|x64
		{4E4AA796-A4D3-42C0-AFFB-BE0E0E201517}.Debug|x64.Build.0 = Debug|x64
		{4E4AA796-A4D3-42C0-AFFB-BE0E0E201517}.Debug|x64.Deploy.0 = Debug|x64
		{4E4AA796-A4D3-42C0-AFFB-BE0E0E201517}.Debug|x86.ActiveCfg = Debug|x86
		{4E4AA796-A4D3-42C0-AFFB-BE0E0E201517}.Debug|x86.Build.0 = Debug|x86
		{4E4AA796-A4D3-42C0-AFFB-BE0E0E201517}.Debug|x86.Deploy.0 = Debug|x86
		{4E4AA796-A4D3-42C0-AFFB-BE0E0E201517}.Release|Any CPU.ActiveCfg = Release|Any CPU
		{4E4AA796-A4D3-42C0-AFFB-BE0E0E201517}.Release|Any CPU.Build.0 = Release|Any CPU
		{4E4AA796-A4D3-42C0-AFFB-BE0E0E201517}.Release|Any CPU.Deploy.0 = Release|Any CPU
		{4E4AA796-A4D3-42C0-AFFB-BE0E0E201517}.Release|x64.ActiveCfg = Release|x64
		{4E4AA796-A4D3-42C0-AFFB-BE0E0E201517}.Release|x64.Build.0 = Release|x64
		{4E4AA796-A4D3-42C0-AFFB-BE0E0E201517}.Release|x64.Deploy.0 = Release|x64
		{4E4AA796-A4D3-42C0-AFFB-BE0E0E201517}.Release|x86.ActiveCfg = Release|x86
		{4E4AA796-A4D3-42C0-AFFB-BE0E0E201517}.Release|x86.Build.0 = Release|x86
		{4E4AA796-A4D3-42C0-AFFB-BE0E0E201517}.Release|x86.Deploy.0 = Release|x86
	EndGlobalSection
	GlobalSection(SolutionProperties) = preSolution
		HideSolutionNode = FALSE
	EndGlobalSection
	GlobalSection(ExtensibilityGlobals) = postSolution
		SolutionGuid = {10D023BF-C532-410B-94F8-FC2252D7A771}
	EndGlobalSection
EndGlobal
