
Microsoft Visual Studio Solution File, Format Version 12.00
# Visual Studio 15
VisualStudioVersion = 15.0.27428.2015
MinimumVisualStudioVersion = 10.0.40219.1
Project("{FAE04EC0-301F-11D3-BF4B-00C04F79EFBC}") = "Killswitch", "Killswitch\Killswitch.csproj", "{964EBFBE-A600-49B2-BDD8-422B46F1D544}"
EndProject
Global
	GlobalSection(SolutionConfigurationPlatforms) = preSolution
		Debug|x64 = Debug|x64
		Release|x64 = Release|x64
	EndGlobalSection
	GlobalSection(ProjectConfigurationPlatforms) = postSolution
		{964EBFBE-A600-49B2-BDD8-422B46F1D544}.Debug|x64.ActiveCfg = Debug|x64
		{964EBFBE-A600-49B2-BDD8-422B46F1D544}.Debug|x64.Build.0 = Debug|x64
		{964EBFBE-A600-49B2-BDD8-422B46F1D544}.Release|x64.ActiveCfg = Release|x64
		{964EBFBE-A600-49B2-BDD8-422B46F1D544}.Release|x64.Build.0 = Release|x64
	EndGlobalSection
	GlobalSection(SolutionProperties) = preSolution
		HideSolutionNode = FALSE
	EndGlobalSection
	GlobalSection(ExtensibilityGlobals) = postSolution
		SolutionGuid = {10D023BF-C532-410B-94F8-FC2252D7A771}
	EndGlobalSection
EndGlobal
