
Microsoft Visual Studio Solution File, Format Version 12.00
# Visual Studio 15
VisualStudioVersion = 15.0.27428.2015
MinimumVisualStudioVersion = 10.0.40219.1
Project("{FAE04EC0-301F-11D3-BF4B-00C04F79EFBC}") = "Killswitch", "Killswitch.csproj", "{964EBFBE-A600-49B2-BDD8-422B46F1D544}"
EndProject
Project("{54435603-DBB4-11D2-8724-00A0C9A8B90C}") = "Setup", "..\Setup\Setup.vdproj", "{A686130C-E954-44EB-9D0E-0EF190A91FEE}"
EndProject
Global
	GlobalSection(SolutionConfigurationPlatforms) = preSolution
		Debug|Any CPU = Debug|Any CPU
		Debug|x64 = Debug|x64
		Release|Any CPU = Release|Any CPU
		Release|x64 = Release|x64
	EndGlobalSection
	GlobalSection(ProjectConfigurationPlatforms) = postSolution
		{964EBFBE-A600-49B2-BDD8-422B46F1D544}.Debug|Any CPU.ActiveCfg = Debug|Any CPU
		{964EBFBE-A600-49B2-BDD8-422B46F1D544}.Debug|Any CPU.Build.0 = Debug|Any CPU
		{964EBFBE-A600-49B2-BDD8-422B46F1D544}.Debug|x64.ActiveCfg = Debug|x64
		{964EBFBE-A600-49B2-BDD8-422B46F1D544}.Debug|x64.Build.0 = Debug|x64
		{964EBFBE-A600-49B2-BDD8-422B46F1D544}.Release|Any CPU.ActiveCfg = Release|Any CPU
		{964EBFBE-A600-49B2-BDD8-422B46F1D544}.Release|Any CPU.Build.0 = Release|Any CPU
		{964EBFBE-A600-49B2-BDD8-422B46F1D544}.Release|x64.ActiveCfg = Release|x64
		{964EBFBE-A600-49B2-BDD8-422B46F1D544}.Release|x64.Build.0 = Release|x64
		{A686130C-E954-44EB-9D0E-0EF190A91FEE}.Debug|Any CPU.ActiveCfg = Debug
		{A686130C-E954-44EB-9D0E-0EF190A91FEE}.Debug|x64.ActiveCfg = Debug
		{A686130C-E954-44EB-9D0E-0EF190A91FEE}.Release|Any CPU.ActiveCfg = Release
		{A686130C-E954-44EB-9D0E-0EF190A91FEE}.Release|x64.ActiveCfg = Release
		{A686130C-E954-44EB-9D0E-0EF190A91FEE}.Release|x64.Build.0 = Release
	EndGlobalSection
	GlobalSection(SolutionProperties) = preSolution
		HideSolutionNode = FALSE
	EndGlobalSection
	GlobalSection(ExtensibilityGlobals) = postSolution
		SolutionGuid = {10D023BF-C532-410B-94F8-FC2252D7A771}
	EndGlobalSection
EndGlobal
