// !$*UTF8*$!
{
	archiveVersion = 1;
	classes = {
	};
	objectVersion = 48;
	objects = {

/* Begin PBXBuildFile section */
		3007C9CBDF4935E4D639E0CF /* Pods_killswitch.framework in Frameworks */ = {isa = PBXBuildFile; fileRef = DCB1BF4853C0AFE3ABD5AE17 /* Pods_killswitch.framework */; };
		3542ECF8208831E40011A5D0 /* AppDelegate.swift in Sources */ = {isa = PBXBuildFile; fileRef = 3542ECF7208831E40011A5D0 /* AppDelegate.swift */; };
		3542ECFC208831E80011A5D0 /* Assets.xcassets in Resources */ = {isa = PBXBuildFile; fileRef = 3542ECFB208831E80011A5D0 /* Assets.xcassets */; };
		3542ECFF208831E80011A5D0 /* Main.storyboard in Resources */ = {isa = PBXBuildFile; fileRef = 3542ECFD208831E80011A5D0 /* Main.storyboard */; };
		3542ED062088382E0011A5D0 /* KillswitchLauncher.app in CopyFiles */ = {isa = PBXBuildFile; fileRef = 3542ECF5208831E40011A5D0 /* KillswitchLauncher.app */; settings = {ATTRIBUTES = (RemoveHeadersOnCopy, ); }; };
		3542ED08208838DA0011A5D0 /* ServiceManagement.framework in Frameworks */ = {isa = PBXBuildFile; fileRef = 3542ED07208838DA0011A5D0 /* ServiceManagement.framework */; };
		356CCC251FC046A400D6BEBD /* AppDelegate.swift in Sources */ = {isa = PBXBuildFile; fileRef = 356CCC241FC046A400D6BEBD /* AppDelegate.swift */; };
		356CCC271FC046A400D6BEBD /* ViewController.swift in Sources */ = {isa = PBXBuildFile; fileRef = 356CCC261FC046A400D6BEBD /* ViewController.swift */; };
		356CCC291FC046A400D6BEBD /* Assets.xcassets in Resources */ = {isa = PBXBuildFile; fileRef = 356CCC281FC046A400D6BEBD /* Assets.xcassets */; };
		356CCC2C1FC046A400D6BEBD /* Main.storyboard in Resources */ = {isa = PBXBuildFile; fileRef = 356CCC2A1FC046A400D6BEBD /* Main.storyboard */; };
		356CCC351FC04B3000D6BEBD /* Listener.swift in Sources */ = {isa = PBXBuildFile; fileRef = 356CCC341FC04B3000D6BEBD /* Listener.swift */; };
		357665EC1FC1147D00DCB3F6 /* UserDefaults.swift in Sources */ = {isa = PBXBuildFile; fileRef = 357665EB1FC1147D00DCB3F6 /* UserDefaults.swift */; };
/* End PBXBuildFile section */

/* Begin PBXCopyFilesBuildPhase section */
		3542ED05208838140011A5D0 /* CopyFiles */ = {
			isa = PBXCopyFilesBuildPhase;
			buildActionMask = 2147483647;
			dstPath = Contents/Library/LoginItems;
			dstSubfolderSpec = 1;
			files = (
				3542ED062088382E0011A5D0 /* KillswitchLauncher.app in CopyFiles */,
			);
			runOnlyForDeploymentPostprocessing = 0;
		};
/* End PBXCopyFilesBuildPhase section */

/* Begin PBXFileReference section */
		1CA0FB730EFF21748E535C2C /* Pods-killswitch.release.xcconfig */ = {isa = PBXFileReference; includeInIndex = 1; lastKnownFileType = text.xcconfig; name = "Pods-killswitch.release.xcconfig"; path = "Pods/Target Support Files/Pods-killswitch/Pods-killswitch.release.xcconfig"; sourceTree = "<group>"; };
		3542ECF5208831E40011A5D0 /* KillswitchLauncher.app */ = {isa = PBXFileReference; explicitFileType = wrapper.application; includeInIndex = 0; path = KillswitchLauncher.app; sourceTree = BUILT_PRODUCTS_DIR; };
		3542ECF7208831E40011A5D0 /* AppDelegate.swift */ = {isa = PBXFileReference; lastKnownFileType = sourcecode.swift; path = AppDelegate.swift; sourceTree = "<group>"; };
		3542ECFB208831E80011A5D0 /* Assets.xcassets */ = {isa = PBXFileReference; lastKnownFileType = folder.assetcatalog; path = Assets.xcassets; sourceTree = "<group>"; };
		3542ECFE208831E80011A5D0 /* Base */ = {isa = PBXFileReference; lastKnownFileType = file.storyboard; name = Base; path = Base.lproj/Main.storyboard; sourceTree = "<group>"; };
		3542ED00208831E80011A5D0 /* Info.plist */ = {isa = PBXFileReference; lastKnownFileType = text.plist.xml; path = Info.plist; sourceTree = "<group>"; };
		3542ED01208831E80011A5D0 /* killswitchLauncher.entitlements */ = {isa = PBXFileReference; lastKnownFileType = text.plist.entitlements; path = killswitchLauncher.entitlements; sourceTree = "<group>"; };
		3542ED07208838DA0011A5D0 /* ServiceManagement.framework */ = {isa = PBXFileReference; lastKnownFileType = wrapper.framework; name = ServiceManagement.framework; path = System/Library/Frameworks/ServiceManagement.framework; sourceTree = SDKROOT; };
		356CCC211FC046A300D6BEBD /* Killswitch.app */ = {isa = PBXFileReference; explicitFileType = wrapper.application; includeInIndex = 0; path = Killswitch.app; sourceTree = BUILT_PRODUCTS_DIR; };
		356CCC241FC046A400D6BEBD /* AppDelegate.swift */ = {isa = PBXFileReference; lastKnownFileType = sourcecode.swift; path = AppDelegate.swift; sourceTree = "<group>"; };
		356CCC261FC046A400D6BEBD /* ViewController.swift */ = {isa = PBXFileReference; lastKnownFileType = sourcecode.swift; path = ViewController.swift; sourceTree = "<group>"; };
		356CCC281FC046A400D6BEBD /* Assets.xcassets */ = {isa = PBXFileReference; lastKnownFileType = folder.assetcatalog; path = Assets.xcassets; sourceTree = "<group>"; };
		356CCC2B1FC046A400D6BEBD /* Base */ = {isa = PBXFileReference; lastKnownFileType = file.storyboard; name = Base; path = Base.lproj/Main.storyboard; sourceTree = "<group>"; };
		356CCC2D1FC046A400D6BEBD /* Info.plist */ = {isa = PBXFileReference; lastKnownFileType = text.plist.xml; path = Info.plist; sourceTree = "<group>"; };
		356CCC2E1FC046A400D6BEBD /* killswitch.entitlements */ = {isa = PBXFileReference; lastKnownFileType = text.plist.entitlements; path = killswitch.entitlements; sourceTree = "<group>"; };
		356CCC341FC04B3000D6BEBD /* Listener.swift */ = {isa = PBXFileReference; lastKnownFileType = sourcecode.swift; path = Listener.swift; sourceTree = "<group>"; };
		357665EB1FC1147D00DCB3F6 /* UserDefaults.swift */ = {isa = PBXFileReference; lastKnownFileType = sourcecode.swift; path = UserDefaults.swift; sourceTree = "<group>"; };
		5669F0C1C327B690EF6CD1B5 /* Pods-killswitch.debug.xcconfig */ = {isa = PBXFileReference; includeInIndex = 1; lastKnownFileType = text.xcconfig; name = "Pods-killswitch.debug.xcconfig"; path = "Pods/Target Support Files/Pods-killswitch/Pods-killswitch.debug.xcconfig"; sourceTree = "<group>"; };
		DCB1BF4853C0AFE3ABD5AE17 /* Pods_killswitch.framework */ = {isa = PBXFileReference; explicitFileType = wrapper.framework; includeInIndex = 0; path = Pods_killswitch.framework; sourceTree = BUILT_PRODUCTS_DIR; };
/* End PBXFileReference section */

/* Begin PBXFrameworksBuildPhase section */
		3542ECF2208831E40011A5D0 /* Frameworks */ = {
			isa = PBXFrameworksBuildPhase;
			buildActionMask = 2147483647;
			files = (
			);
			runOnlyForDeploymentPostprocessing = 0;
		};
		356CCC1E1FC046A300D6BEBD /* Frameworks */ = {
			isa = PBXFrameworksBuildPhase;
			buildActionMask = 2147483647;
			files = (
				3542ED08208838DA0011A5D0 /* ServiceManagement.framework in Frameworks */,
				3007C9CBDF4935E4D639E0CF /* Pods_killswitch.framework in Frameworks */,
			);
			runOnlyForDeploymentPostprocessing = 0;
		};
/* End PBXFrameworksBuildPhase section */

/* Begin PBXGroup section */
		3542ECF6208831E40011A5D0 /* KillswitchLauncher */ = {
			isa = PBXGroup;
			children = (
				3542ECF7208831E40011A5D0 /* AppDelegate.swift */,
				3542ECFB208831E80011A5D0 /* Assets.xcassets */,
				3542ECFD208831E80011A5D0 /* Main.storyboard */,
				3542ED00208831E80011A5D0 /* Info.plist */,
				3542ED01208831E80011A5D0 /* killswitchLauncher.entitlements */,
			);
			path = KillswitchLauncher;
			sourceTree = "<group>";
		};
		356CCC181FC046A300D6BEBD = {
			isa = PBXGroup;
			children = (
				356CCC231FC046A300D6BEBD /* Killswitch */,
				3542ECF6208831E40011A5D0 /* KillswitchLauncher */,
				356CCC221FC046A300D6BEBD /* Products */,
				D0ABE7B5BED09A06E11DD525 /* Pods */,
				D37431698B11CD4972F74BA6 /* Frameworks */,
			);
			sourceTree = "<group>";
		};
		356CCC221FC046A300D6BEBD /* Products */ = {
			isa = PBXGroup;
			children = (
				356CCC211FC046A300D6BEBD /* Killswitch.app */,
				3542ECF5208831E40011A5D0 /* KillswitchLauncher.app */,
			);
			name = Products;
			sourceTree = "<group>";
		};
		356CCC231FC046A300D6BEBD /* Killswitch */ = {
			isa = PBXGroup;
			children = (
				356CCC241FC046A400D6BEBD /* AppDelegate.swift */,
				357665EB1FC1147D00DCB3F6 /* UserDefaults.swift */,
				356CCC341FC04B3000D6BEBD /* Listener.swift */,
				356CCC261FC046A400D6BEBD /* ViewController.swift */,
				356CCC2A1FC046A400D6BEBD /* Main.storyboard */,
				356CCC281FC046A400D6BEBD /* Assets.xcassets */,
				356CCC2D1FC046A400D6BEBD /* Info.plist */,
				356CCC2E1FC046A400D6BEBD /* killswitch.entitlements */,
			);
			path = Killswitch;
			sourceTree = "<group>";
		};
		D0ABE7B5BED09A06E11DD525 /* Pods */ = {
			isa = PBXGroup;
			children = (
				5669F0C1C327B690EF6CD1B5 /* Pods-killswitch.debug.xcconfig */,
				1CA0FB730EFF21748E535C2C /* Pods-killswitch.release.xcconfig */,
			);
			name = Pods;
			sourceTree = "<group>";
		};
		D37431698B11CD4972F74BA6 /* Frameworks */ = {
			isa = PBXGroup;
			children = (
				3542ED07208838DA0011A5D0 /* ServiceManagement.framework */,
				DCB1BF4853C0AFE3ABD5AE17 /* Pods_killswitch.framework */,
			);
			name = Frameworks;
			sourceTree = "<group>";
		};
/* End PBXGroup section */

/* Begin PBXNativeTarget section */
		3542ECF4208831E40011A5D0 /* KillswitchLauncher */ = {
			isa = PBXNativeTarget;
			buildConfigurationList = 3542ED02208831E90011A5D0 /* Build configuration list for PBXNativeTarget "KillswitchLauncher" */;
			buildPhases = (
				3542ECF1208831E40011A5D0 /* Sources */,
				3542ECF2208831E40011A5D0 /* Frameworks */,
				3542ECF3208831E40011A5D0 /* Resources */,
			);
			buildRules = (
			);
			dependencies = (
			);
			name = KillswitchLauncher;
			productName = killswitchLauncher;
			productReference = 3542ECF5208831E40011A5D0 /* KillswitchLauncher.app */;
			productType = "com.apple.product-type.application";
		};
		356CCC201FC046A300D6BEBD /* Killswitch */ = {
			isa = PBXNativeTarget;
			buildConfigurationList = 356CCC311FC046A400D6BEBD /* Build configuration list for PBXNativeTarget "Killswitch" */;
			buildPhases = (
				5DF990D17186FBE4CA001D32 /* [CP] Check Pods Manifest.lock */,
				356CCC1D1FC046A300D6BEBD /* Sources */,
				356CCC1E1FC046A300D6BEBD /* Frameworks */,
				356CCC1F1FC046A300D6BEBD /* Resources */,
				831AA3F46069E9677ABA7ECC /* [CP] Embed Pods Frameworks */,
				DB820416CA58145F13F3BEE1 /* [CP] Copy Pods Resources */,
				3542ED05208838140011A5D0 /* CopyFiles */,
			);
			buildRules = (
			);
			dependencies = (
			);
			name = Killswitch;
			productName = killswitch;
			productReference = 356CCC211FC046A300D6BEBD /* Killswitch.app */;
			productType = "com.apple.product-type.application";
		};
/* End PBXNativeTarget section */

/* Begin PBXProject section */
		356CCC191FC046A300D6BEBD /* Project object */ = {
			isa = PBXProject;
			attributes = {
				LastSwiftUpdateCheck = 0930;
				LastUpgradeCheck = 0910;
				ORGANIZATIONNAME = "Daniel Skovli";
				TargetAttributes = {
					3542ECF4208831E40011A5D0 = {
						CreatedOnToolsVersion = 9.3;
						ProvisioningStyle = Automatic;
						SystemCapabilities = {
							com.apple.ApplicationGroups.Mac = {
								enabled = 0;
							};
						};
					};
					356CCC201FC046A300D6BEBD = {
						CreatedOnToolsVersion = 9.1;
						ProvisioningStyle = Automatic;
						SystemCapabilities = {
							com.apple.ApplicationGroups.Mac = {
								enabled = 0;
							};
						};
					};
				};
			};
			buildConfigurationList = 356CCC1C1FC046A300D6BEBD /* Build configuration list for PBXProject "Killswitch" */;
			compatibilityVersion = "Xcode 8.0";
			developmentRegion = en;
			hasScannedForEncodings = 0;
			knownRegions = (
				en,
				Base,
			);
			mainGroup = 356CCC181FC046A300D6BEBD;
			productRefGroup = 356CCC221FC046A300D6BEBD /* Products */;
			projectDirPath = "";
			projectRoot = "";
			targets = (
				356CCC201FC046A300D6BEBD /* Killswitch */,
				3542ECF4208831E40011A5D0 /* KillswitchLauncher */,
			);
		};
/* End PBXProject section */

/* Begin PBXResourcesBuildPhase section */
		3542ECF3208831E40011A5D0 /* Resources */ = {
			isa = PBXResourcesBuildPhase;
			buildActionMask = 2147483647;
			files = (
				3542ECFC208831E80011A5D0 /* Assets.xcassets in Resources */,
				3542ECFF208831E80011A5D0 /* Main.storyboard in Resources */,
			);
			runOnlyForDeploymentPostprocessing = 0;
		};
		356CCC1F1FC046A300D6BEBD /* Resources */ = {
			isa = PBXResourcesBuildPhase;
			buildActionMask = 2147483647;
			files = (
				356CCC291FC046A400D6BEBD /* Assets.xcassets in Resources */,
				356CCC2C1FC046A400D6BEBD /* Main.storyboard in Resources */,
			);
			runOnlyForDeploymentPostprocessing = 0;
		};
/* End PBXResourcesBuildPhase section */

/* Begin PBXShellScriptBuildPhase section */
		5DF990D17186FBE4CA001D32 /* [CP] Check Pods Manifest.lock */ = {
			isa = PBXShellScriptBuildPhase;
			buildActionMask = 2147483647;
			files = (
			);
			inputPaths = (
				"${PODS_PODFILE_DIR_PATH}/Podfile.lock",
				"${PODS_ROOT}/Manifest.lock",
			);
			name = "[CP] Check Pods Manifest.lock";
			outputPaths = (
				"$(DERIVED_FILE_DIR)/Pods-killswitch-checkManifestLockResult.txt",
			);
			runOnlyForDeploymentPostprocessing = 0;
			shellPath = /bin/sh;
			shellScript = "diff \"${PODS_PODFILE_DIR_PATH}/Podfile.lock\" \"${PODS_ROOT}/Manifest.lock\" > /dev/null\nif [ $? != 0 ] ; then\n    # print error to STDERR\n    echo \"error: The sandbox is not in sync with the Podfile.lock. Run 'pod install' or update your CocoaPods installation.\" >&2\n    exit 1\nfi\n# This output is used by Xcode 'outputs' to avoid re-running this script phase.\necho \"SUCCESS\" > \"${SCRIPT_OUTPUT_FILE_0}\"\n";
			showEnvVarsInLog = 0;
		};
		831AA3F46069E9677ABA7ECC /* [CP] Embed Pods Frameworks */ = {
			isa = PBXShellScriptBuildPhase;
			buildActionMask = 2147483647;
			files = (
			);
			inputPaths = (
				"${SRCROOT}/Pods/Target Support Files/Pods-killswitch/Pods-killswitch-frameworks.sh",
				"${BUILT_PRODUCTS_DIR}/Alamofire/Alamofire.framework",
				"${BUILT_PRODUCTS_DIR}/SwiftHash/SwiftHash.framework",
			);
			name = "[CP] Embed Pods Frameworks";
			outputPaths = (
				"${TARGET_BUILD_DIR}/${FRAMEWORKS_FOLDER_PATH}/Alamofire.framework",
				"${TARGET_BUILD_DIR}/${FRAMEWORKS_FOLDER_PATH}/SwiftHash.framework",
			);
			runOnlyForDeploymentPostprocessing = 0;
			shellPath = /bin/sh;
			shellScript = "\"${SRCROOT}/Pods/Target Support Files/Pods-killswitch/Pods-killswitch-frameworks.sh\"\n";
			showEnvVarsInLog = 0;
		};
		DB820416CA58145F13F3BEE1 /* [CP] Copy Pods Resources */ = {
			isa = PBXShellScriptBuildPhase;
			buildActionMask = 2147483647;
			files = (
			);
			inputPaths = (
			);
			name = "[CP] Copy Pods Resources";
			outputPaths = (
			);
			runOnlyForDeploymentPostprocessing = 0;
			shellPath = /bin/sh;
			shellScript = "\"${SRCROOT}/Pods/Target Support Files/Pods-killswitch/Pods-killswitch-resources.sh\"\n";
			showEnvVarsInLog = 0;
		};
/* End PBXShellScriptBuildPhase section */

/* Begin PBXSourcesBuildPhase section */
		3542ECF1208831E40011A5D0 /* Sources */ = {
			isa = PBXSourcesBuildPhase;
			buildActionMask = 2147483647;
			files = (
				3542ECF8208831E40011A5D0 /* AppDelegate.swift in Sources */,
			);
			runOnlyForDeploymentPostprocessing = 0;
		};
		356CCC1D1FC046A300D6BEBD /* Sources */ = {
			isa = PBXSourcesBuildPhase;
			buildActionMask = 2147483647;
			files = (
				357665EC1FC1147D00DCB3F6 /* UserDefaults.swift in Sources */,
				356CCC271FC046A400D6BEBD /* ViewController.swift in Sources */,
				356CCC251FC046A400D6BEBD /* AppDelegate.swift in Sources */,
				356CCC351FC04B3000D6BEBD /* Listener.swift in Sources */,
			);
			runOnlyForDeploymentPostprocessing = 0;
		};
/* End PBXSourcesBuildPhase section */

/* Begin PBXVariantGroup section */
		3542ECFD208831E80011A5D0 /* Main.storyboard */ = {
			isa = PBXVariantGroup;
			children = (
				3542ECFE208831E80011A5D0 /* Base */,
			);
			name = Main.storyboard;
			sourceTree = "<group>";
		};
		356CCC2A1FC046A400D6BEBD /* Main.storyboard */ = {
			isa = PBXVariantGroup;
			children = (
				356CCC2B1FC046A400D6BEBD /* Base */,
			);
			name = Main.storyboard;
			sourceTree = "<group>";
		};
/* End PBXVariantGroup section */

/* Begin XCBuildConfiguration section */
		3542ED03208831E90011A5D0 /* Debug */ = {
			isa = XCBuildConfiguration;
			buildSettings = {
				ASSETCATALOG_COMPILER_APPICON_NAME = AppIcon;
				CLANG_ENABLE_OBJC_WEAK = YES;
				CLANG_WARN_DEPRECATED_OBJC_IMPLEMENTATIONS = YES;
				CLANG_WARN_OBJC_IMPLICIT_RETAIN_SELF = YES;
				CODE_SIGN_ENTITLEMENTS = killswitchLauncher/killswitchLauncher.entitlements;
				CODE_SIGN_STYLE = Automatic;
				COMBINE_HIDPI_IMAGES = YES;
				DEVELOPMENT_TEAM = E467X6539H;
				INFOPLIST_FILE = killswitchLauncher/Info.plist;
				LD_RUNPATH_SEARCH_PATHS = "$(inherited) @executable_path/../Frameworks";
				PRODUCT_BUNDLE_IDENTIFIER = com.danielskovli.killswitchLauncher;
				PRODUCT_NAME = "$(TARGET_NAME)";
				SKIP_INSTALL = YES;
				SWIFT_VERSION = 4.0;
			};
			name = Debug;
		};
		3542ED04208831E90011A5D0 /* Release */ = {
			isa = XCBuildConfiguration;
			buildSettings = {
				ASSETCATALOG_COMPILER_APPICON_NAME = AppIcon;
				CLANG_ENABLE_OBJC_WEAK = YES;
				CLANG_WARN_DEPRECATED_OBJC_IMPLEMENTATIONS = YES;
				CLANG_WARN_OBJC_IMPLICIT_RETAIN_SELF = YES;
				CODE_SIGN_ENTITLEMENTS = killswitchLauncher/killswitchLauncher.entitlements;
				CODE_SIGN_STYLE = Automatic;
				COMBINE_HIDPI_IMAGES = YES;
				DEVELOPMENT_TEAM = E467X6539H;
				INFOPLIST_FILE = killswitchLauncher/Info.plist;
				LD_RUNPATH_SEARCH_PATHS = "$(inherited) @executable_path/../Frameworks";
				PRODUCT_BUNDLE_IDENTIFIER = com.danielskovli.killswitchLauncher;
				PRODUCT_NAME = "$(TARGET_NAME)";
				SKIP_INSTALL = YES;
				SWIFT_VERSION = 4.0;
			};
			name = Release;
		};
		356CCC2F1FC046A400D6BEBD /* Debug */ = {
			isa = XCBuildConfiguration;
			buildSettings = {
				ALWAYS_SEARCH_USER_PATHS = NO;
				CLANG_ANALYZER_NONNULL = YES;
				CLANG_ANALYZER_NUMBER_OBJECT_CONVERSION = YES_AGGRESSIVE;
				CLANG_CXX_LANGUAGE_STANDARD = "gnu++14";
				CLANG_CXX_LIBRARY = "libc++";
				CLANG_ENABLE_MODULES = YES;
				CLANG_ENABLE_OBJC_ARC = YES;
				CLANG_WARN_BLOCK_CAPTURE_AUTORELEASING = YES;
				CLANG_WARN_BOOL_CONVERSION = YES;
				CLANG_WARN_COMMA = YES;
				CLANG_WARN_CONSTANT_CONVERSION = YES;
				CLANG_WARN_DIRECT_OBJC_ISA_USAGE = YES_ERROR;
				CLANG_WARN_DOCUMENTATION_COMMENTS = YES;
				CLANG_WARN_EMPTY_BODY = YES;
				CLANG_WARN_ENUM_CONVERSION = YES;
				CLANG_WARN_INFINITE_RECURSION = YES;
				CLANG_WARN_INT_CONVERSION = YES;
				CLANG_WARN_NON_LITERAL_NULL_CONVERSION = YES;
				CLANG_WARN_OBJC_LITERAL_CONVERSION = YES;
				CLANG_WARN_OBJC_ROOT_CLASS = YES_ERROR;
				CLANG_WARN_RANGE_LOOP_ANALYSIS = YES;
				CLANG_WARN_STRICT_PROTOTYPES = YES;
				CLANG_WARN_SUSPICIOUS_MOVE = YES;
				CLANG_WARN_UNGUARDED_AVAILABILITY = YES_AGGRESSIVE;
				CLANG_WARN_UNREACHABLE_CODE = YES;
				CLANG_WARN__DUPLICATE_METHOD_MATCH = YES;
				CODE_SIGN_IDENTITY = "Mac Developer";
				COPY_PHASE_STRIP = NO;
				DEBUG_INFORMATION_FORMAT = dwarf;
				ENABLE_STRICT_OBJC_MSGSEND = YES;
				ENABLE_TESTABILITY = YES;
				GCC_C_LANGUAGE_STANDARD = gnu11;
				GCC_DYNAMIC_NO_PIC = NO;
				GCC_NO_COMMON_BLOCKS = YES;
				GCC_OPTIMIZATION_LEVEL = 0;
				GCC_PREPROCESSOR_DEFINITIONS = (
					"DEBUG=1",
					"$(inherited)",
				);
				GCC_WARN_64_TO_32_BIT_CONVERSION = YES;
				GCC_WARN_ABOUT_RETURN_TYPE = YES_ERROR;
				GCC_WARN_UNDECLARED_SELECTOR = YES;
				GCC_WARN_UNINITIALIZED_AUTOS = YES_AGGRESSIVE;
				GCC_WARN_UNUSED_FUNCTION = YES;
				GCC_WARN_UNUSED_VARIABLE = YES;
				MACOSX_DEPLOYMENT_TARGET = 10.13;
				MTL_ENABLE_DEBUG_INFO = YES;
				ONLY_ACTIVE_ARCH = YES;
				SDKROOT = macosx;
				SWIFT_ACTIVE_COMPILATION_CONDITIONS = DEBUG;
				SWIFT_OPTIMIZATION_LEVEL = "-Onone";
			};
			name = Debug;
		};
		356CCC301FC046A400D6BEBD /* Release */ = {
			isa = XCBuildConfiguration;
			buildSettings = {
				ALWAYS_SEARCH_USER_PATHS = NO;
				CLANG_ANALYZER_NONNULL = YES;
				CLANG_ANALYZER_NUMBER_OBJECT_CONVERSION = YES_AGGRESSIVE;
				CLANG_CXX_LANGUAGE_STANDARD = "gnu++14";
				CLANG_CXX_LIBRARY = "libc++";
				CLANG_ENABLE_MODULES = YES;
				CLANG_ENABLE_OBJC_ARC = YES;
				CLANG_WARN_BLOCK_CAPTURE_AUTORELEASING = YES;
				CLANG_WARN_BOOL_CONVERSION = YES;
				CLANG_WARN_COMMA = YES;
				CLANG_WARN_CONSTANT_CONVERSION = YES;
				CLANG_WARN_DIRECT_OBJC_ISA_USAGE = YES_ERROR;
				CLANG_WARN_DOCUMENTATION_COMMENTS = YES;
				CLANG_WARN_EMPTY_BODY = YES;
				CLANG_WARN_ENUM_CONVERSION = YES;
				CLANG_WARN_INFINITE_RECURSION = YES;
				CLANG_WARN_INT_CONVERSION = YES;
				CLANG_WARN_NON_LITERAL_NULL_CONVERSION = YES;
				CLANG_WARN_OBJC_LITERAL_CONVERSION = YES;
				CLANG_WARN_OBJC_ROOT_CLASS = YES_ERROR;
				CLANG_WARN_RANGE_LOOP_ANALYSIS = YES;
				CLANG_WARN_STRICT_PROTOTYPES = YES;
				CLANG_WARN_SUSPICIOUS_MOVE = YES;
				CLANG_WARN_UNGUARDED_AVAILABILITY = YES_AGGRESSIVE;
				CLANG_WARN_UNREACHABLE_CODE = YES;
				CLANG_WARN__DUPLICATE_METHOD_MATCH = YES;
				CODE_SIGN_IDENTITY = "Mac Developer";
				COPY_PHASE_STRIP = NO;
				DEBUG_INFORMATION_FORMAT = "dwarf-with-dsym";
				ENABLE_NS_ASSERTIONS = NO;
				ENABLE_STRICT_OBJC_MSGSEND = YES;
				GCC_C_LANGUAGE_STANDARD = gnu11;
				GCC_NO_COMMON_BLOCKS = YES;
				GCC_WARN_64_TO_32_BIT_CONVERSION = YES;
				GCC_WARN_ABOUT_RETURN_TYPE = YES_ERROR;
				GCC_WARN_UNDECLARED_SELECTOR = YES;
				GCC_WARN_UNINITIALIZED_AUTOS = YES_AGGRESSIVE;
				GCC_WARN_UNUSED_FUNCTION = YES;
				GCC_WARN_UNUSED_VARIABLE = YES;
				MACOSX_DEPLOYMENT_TARGET = 10.13;
				MTL_ENABLE_DEBUG_INFO = NO;
				SDKROOT = macosx;
				SWIFT_OPTIMIZATION_LEVEL = "-Owholemodule";
			};
			name = Release;
		};
		356CCC321FC046A400D6BEBD /* Debug */ = {
			isa = XCBuildConfiguration;
			baseConfigurationReference = 5669F0C1C327B690EF6CD1B5 /* Pods-killswitch.debug.xcconfig */;
			buildSettings = {
				ASSETCATALOG_COMPILER_APPICON_NAME = AppIcon;
				CODE_SIGN_ENTITLEMENTS = killswitch/killswitch.entitlements;
				CODE_SIGN_IDENTITY = "Mac Developer";
				CODE_SIGN_STYLE = Automatic;
				COMBINE_HIDPI_IMAGES = YES;
				DEVELOPMENT_TEAM = E467X6539H;
				INFOPLIST_FILE = killswitch/Info.plist;
				LD_RUNPATH_SEARCH_PATHS = "$(inherited) @executable_path/../Frameworks";
				MACOSX_DEPLOYMENT_TARGET = 10.11;
				PRODUCT_BUNDLE_IDENTIFIER = com.danielskovli.killswitchListener;
				PRODUCT_NAME = "$(TARGET_NAME)";
				PROVISIONING_PROFILE_SPECIFIER = "";
				SWIFT_VERSION = 4.0;
			};
			name = Debug;
		};
		356CCC331FC046A400D6BEBD /* Release */ = {
			isa = XCBuildConfiguration;
			baseConfigurationReference = 1CA0FB730EFF21748E535C2C /* Pods-killswitch.release.xcconfig */;
			buildSettings = {
				ASSETCATALOG_COMPILER_APPICON_NAME = AppIcon;
				CODE_SIGN_ENTITLEMENTS = killswitch/killswitch.entitlements;
				CODE_SIGN_IDENTITY = "Mac Developer";
				CODE_SIGN_STYLE = Automatic;
				COMBINE_HIDPI_IMAGES = YES;
				DEVELOPMENT_TEAM = E467X6539H;
				INFOPLIST_FILE = killswitch/Info.plist;
				LD_RUNPATH_SEARCH_PATHS = "$(inherited) @executable_path/../Frameworks";
				MACOSX_DEPLOYMENT_TARGET = 10.11;
				PRODUCT_BUNDLE_IDENTIFIER = com.danielskovli.killswitchListener;
				PRODUCT_NAME = "$(TARGET_NAME)";
				PROVISIONING_PROFILE_SPECIFIER = "";
				SWIFT_VERSION = 4.0;
			};
			name = Release;
		};
/* End XCBuildConfiguration section */

/* Begin XCConfigurationList section */
		3542ED02208831E90011A5D0 /* Build configuration list for PBXNativeTarget "KillswitchLauncher" */ = {
			isa = XCConfigurationList;
			buildConfigurations = (
				3542ED03208831E90011A5D0 /* Debug */,
				3542ED04208831E90011A5D0 /* Release */,
			);
			defaultConfigurationIsVisible = 0;
			defaultConfigurationName = Release;
		};
		356CCC1C1FC046A300D6BEBD /* Build configuration list for PBXProject "Killswitch" */ = {
			isa = XCConfigurationList;
			buildConfigurations = (
				356CCC2F1FC046A400D6BEBD /* Debug */,
				356CCC301FC046A400D6BEBD /* Release */,
			);
			defaultConfigurationIsVisible = 0;
			defaultConfigurationName = Release;
		};
		356CCC311FC046A400D6BEBD /* Build configuration list for PBXNativeTarget "Killswitch" */ = {
			isa = XCConfigurationList;
			buildConfigurations = (
				356CCC321FC046A400D6BEBD /* Debug */,
				356CCC331FC046A400D6BEBD /* Release */,
			);
			defaultConfigurationIsVisible = 0;
			defaultConfigurationName = Release;
		};
/* End XCConfigurationList section */
	};
	rootObject = 356CCC191FC046A300D6BEBD /* Project object */;
}
